// !$*UTF8*$!
{
	archiveVersion = 1;
	classes = {
	};
	objectVersion = 50;
	objects = {

/* Begin PBXBuildFile section */
		2D752F7C25B62FE800D70E7B /* AppDelegate.swift in Sources */ = {isa = PBXBuildFile; fileRef = 2D752F7B25B62FE800D70E7B /* AppDelegate.swift */; };
		2D752F7E25B62FE800D70E7B /* SceneDelegate.swift in Sources */ = {isa = PBXBuildFile; fileRef = 2D752F7D25B62FE800D70E7B /* SceneDelegate.swift */; };
		2D752F8025B62FE800D70E7B /* ViewController.swift in Sources */ = {isa = PBXBuildFile; fileRef = 2D752F7F25B62FE800D70E7B /* ViewController.swift */; };
		2D752F8325B62FE800D70E7B /* Main.storyboard in Resources */ = {isa = PBXBuildFile; fileRef = 2D752F8125B62FE800D70E7B /* Main.storyboard */; };
		2D752F8525B62FEA00D70E7B /* Assets.xcassets in Resources */ = {isa = PBXBuildFile; fileRef = 2D752F8425B62FEA00D70E7B /* Assets.xcassets */; };
		2D752F8825B62FEA00D70E7B /* LaunchScreen.storyboard in Resources */ = {isa = PBXBuildFile; fileRef = 2D752F8625B62FEA00D70E7B /* LaunchScreen.storyboard */; };
		2D752F9325B62FEA00D70E7B /* exerTests.swift in Sources */ = {isa = PBXBuildFile; fileRef = 2D752F9225B62FEA00D70E7B /* exerTests.swift */; };
		2D752F9E25B62FEA00D70E7B /* exerUITests.swift in Sources */ = {isa = PBXBuildFile; fileRef = 2D752F9D25B62FEA00D70E7B /* exerUITests.swift */; };
		2D752FAF25B632EC00D70E7B /* diffTableViewCell.swift in Sources */ = {isa = PBXBuildFile; fileRef = 2D752FAE25B632EC00D70E7B /* diffTableViewCell.swift */; };
/* End PBXBuildFile section */

/* Begin PBXContainerItemProxy section */
		2D752F8F25B62FEA00D70E7B /* PBXContainerItemProxy */ = {
			isa = PBXContainerItemProxy;
			containerPortal = 2D752F7025B62FE700D70E7B /* Project object */;
			proxyType = 1;
			remoteGlobalIDString = 2D752F7725B62FE700D70E7B;
			remoteInfo = exer;
		};
		2D752F9A25B62FEA00D70E7B /* PBXContainerItemProxy */ = {
			isa = PBXContainerItemProxy;
			containerPortal = 2D752F7025B62FE700D70E7B /* Project object */;
			proxyType = 1;
			remoteGlobalIDString = 2D752F7725B62FE700D70E7B;
			remoteInfo = exer;
		};
/* End PBXContainerItemProxy section */

/* Begin PBXFileReference section */
		2D752F7825B62FE800D70E7B /* exer.app */ = {isa = PBXFileReference; explicitFileType = wrapper.application; includeInIndex = 0; path = exer.app; sourceTree = BUILT_PRODUCTS_DIR; };
		2D752F7B25B62FE800D70E7B /* AppDelegate.swift */ = {isa = PBXFileReference; lastKnownFileType = sourcecode.swift; path = AppDelegate.swift; sourceTree = "<group>"; };
		2D752F7D25B62FE800D70E7B /* SceneDelegate.swift */ = {isa = PBXFileReference; lastKnownFileType = sourcecode.swift; path = SceneDelegate.swift; sourceTree = "<group>"; };
		2D752F7F25B62FE800D70E7B /* ViewController.swift */ = {isa = PBXFileReference; lastKnownFileType = sourcecode.swift; path = ViewController.swift; sourceTree = "<group>"; };
		2D752F8225B62FE800D70E7B /* Base */ = {isa = PBXFileReference; lastKnownFileType = file.storyboard; name = Base; path = Base.lproj/Main.storyboard; sourceTree = "<group>"; };
		2D752F8425B62FEA00D70E7B /* Assets.xcassets */ = {isa = PBXFileReference; lastKnownFileType = folder.assetcatalog; path = Assets.xcassets; sourceTree = "<group>"; };
		2D752F8725B62FEA00D70E7B /* Base */ = {isa = PBXFileReference; lastKnownFileType = file.storyboard; name = Base; path = Base.lproj/LaunchScreen.storyboard; sourceTree = "<group>"; };
		2D752F8925B62FEA00D70E7B /* Info.plist */ = {isa = PBXFileReference; lastKnownFileType = text.plist.xml; path = Info.plist; sourceTree = "<group>"; };
		2D752F8E25B62FEA00D70E7B /* exerTests.xctest */ = {isa = PBXFileReference; explicitFileType = wrapper.cfbundle; includeInIndex = 0; path = exerTests.xctest; sourceTree = BUILT_PRODUCTS_DIR; };
		2D752F9225B62FEA00D70E7B /* exerTests.swift */ = {isa = PBXFileReference; lastKnownFileType = sourcecode.swift; path = exerTests.swift; sourceTree = "<group>"; };
		2D752F9425B62FEA00D70E7B /* Info.plist */ = {isa = PBXFileReference; lastKnownFileType = text.plist.xml; path = Info.plist; sourceTree = "<group>"; };
		2D752F9925B62FEA00D70E7B /* exerUITests.xctest */ = {isa = PBXFileReference; explicitFileType = wrapper.cfbundle; includeInIndex = 0; path = exerUITests.xctest; sourceTree = BUILT_PRODUCTS_DIR; };
		2D752F9D25B62FEA00D70E7B /* exerUITests.swift */ = {isa = PBXFileReference; lastKnownFileType = sourcecode.swift; path = exerUITests.swift; sourceTree = "<group>"; };
		2D752F9F25B62FEA00D70E7B /* Info.plist */ = {isa = PBXFileReference; lastKnownFileType = text.plist.xml; path = Info.plist; sourceTree = "<group>"; };
		2D752FAE25B632EC00D70E7B /* diffTableViewCell.swift */ = {isa = PBXFileReference; lastKnownFileType = sourcecode.swift; path = diffTableViewCell.swift; sourceTree = "<group>"; };
/* End PBXFileReference section */

/* Begin PBXFrameworksBuildPhase section */
		2D752F7525B62FE700D70E7B /* Frameworks */ = {
			isa = PBXFrameworksBuildPhase;
			buildActionMask = 2147483647;
			files = (
			);
			runOnlyForDeploymentPostprocessing = 0;
		};
		2D752F8B25B62FEA00D70E7B /* Frameworks */ = {
			isa = PBXFrameworksBuildPhase;
			buildActionMask = 2147483647;
			files = (
			);
			runOnlyForDeploymentPostprocessing = 0;
		};
		2D752F9625B62FEA00D70E7B /* Frameworks */ = {
			isa = PBXFrameworksBuildPhase;
			buildActionMask = 2147483647;
			files = (
			);
			runOnlyForDeploymentPostprocessing = 0;
		};
/* End PBXFrameworksBuildPhase section */

/* Begin PBXGroup section */
		2D752F6F25B62FE700D70E7B = {
			isa = PBXGroup;
			children = (
				2D752F7A25B62FE800D70E7B /* exer */,
				2D752F9125B62FEA00D70E7B /* exerTests */,
				2D752F9C25B62FEA00D70E7B /* exerUITests */,
				2D752F7925B62FE800D70E7B /* Products */,
			);
			sourceTree = "<group>";
		};
		2D752F7925B62FE800D70E7B /* Products */ = {
			isa = PBXGroup;
			children = (
				2D752F7825B62FE800D70E7B /* exer.app */,
				2D752F8E25B62FEA00D70E7B /* exerTests.xctest */,
				2D752F9925B62FEA00D70E7B /* exerUITests.xctest */,
			);
			name = Products;
			sourceTree = "<group>";
		};
		2D752F7A25B62FE800D70E7B /* exer */ = {
			isa = PBXGroup;
			children = (
				2D752F7B25B62FE800D70E7B /* AppDelegate.swift */,
				2D752F7D25B62FE800D70E7B /* SceneDelegate.swift */,
				2D752F7F25B62FE800D70E7B /* ViewController.swift */,
				2D752F8125B62FE800D70E7B /* Main.storyboard */,
				2D752F8425B62FEA00D70E7B /* Assets.xcassets */,
				2D752F8625B62FEA00D70E7B /* LaunchScreen.storyboard */,
				2D752F8925B62FEA00D70E7B /* Info.plist */,
				2D752FAE25B632EC00D70E7B /* diffTableViewCell.swift */,
			);
			path = exer;
			sourceTree = "<group>";
		};
		2D752F9125B62FEA00D70E7B /* exerTests */ = {
			isa = PBXGroup;
			children = (
				2D752F9225B62FEA00D70E7B /* exerTests.swift */,
				2D752F9425B62FEA00D70E7B /* Info.plist */,
			);
			path = exerTests;
			sourceTree = "<group>";
		};
		2D752F9C25B62FEA00D70E7B /* exerUITests */ = {
			isa = PBXGroup;
			children = (
				2D752F9D25B62FEA00D70E7B /* exerUITests.swift */,
				2D752F9F25B62FEA00D70E7B /* Info.plist */,
			);
			path = exerUITests;
			sourceTree = "<group>";
		};
/* End PBXGroup section */

/* Begin PBXNativeTarget section */
		2D752F7725B62FE700D70E7B /* exer */ = {
			isa = PBXNativeTarget;
			buildConfigurationList = 2D752FA225B62FEA00D70E7B /* Build configuration list for PBXNativeTarget "exer" */;
			buildPhases = (
				2D752F7425B62FE700D70E7B /* Sources */,
				2D752F7525B62FE700D70E7B /* Frameworks */,
				2D752F7625B62FE700D70E7B /* Resources */,
			);
			buildRules = (
			);
			dependencies = (
			);
			name = exer;
			productName = exer;
			productReference = 2D752F7825B62FE800D70E7B /* exer.app */;
			productType = "com.apple.product-type.application";
		};
		2D752F8D25B62FEA00D70E7B /* exerTests */ = {
			isa = PBXNativeTarget;
			buildConfigurationList = 2D752FA525B62FEA00D70E7B /* Build configuration list for PBXNativeTarget "exerTests" */;
			buildPhases = (
				2D752F8A25B62FEA00D70E7B /* Sources */,
				2D752F8B25B62FEA00D70E7B /* Frameworks */,
				2D752F8C25B62FEA00D70E7B /* Resources */,
			);
			buildRules = (
			);
			dependencies = (
				2D752F9025B62FEA00D70E7B /* PBXTargetDependency */,
			);
			name = exerTests;
			productName = exerTests;
			productReference = 2D752F8E25B62FEA00D70E7B /* exerTests.xctest */;
			productType = "com.apple.product-type.bundle.unit-test";
		};
		2D752F9825B62FEA00D70E7B /* exerUITests */ = {
			isa = PBXNativeTarget;
			buildConfigurationList = 2D752FA825B62FEA00D70E7B /* Build configuration list for PBXNativeTarget "exerUITests" */;
			buildPhases = (
				2D752F9525B62FEA00D70E7B /* Sources */,
				2D752F9625B62FEA00D70E7B /* Frameworks */,
				2D752F9725B62FEA00D70E7B /* Resources */,
			);
			buildRules = (
			);
			dependencies = (
				2D752F9B25B62FEA00D70E7B /* PBXTargetDependency */,
			);
			name = exerUITests;
			productName = exerUITests;
			productReference = 2D752F9925B62FEA00D70E7B /* exerUITests.xctest */;
			productType = "com.apple.product-type.bundle.ui-testing";
		};
/* End PBXNativeTarget section */

/* Begin PBXProject section */
		2D752F7025B62FE700D70E7B /* Project object */ = {
			isa = PBXProject;
			attributes = {
				LastSwiftUpdateCheck = 1230;
				LastUpgradeCheck = 1230;
				TargetAttributes = {
					2D752F7725B62FE700D70E7B = {
						CreatedOnToolsVersion = 12.3;
					};
					2D752F8D25B62FEA00D70E7B = {
						CreatedOnToolsVersion = 12.3;
						TestTargetID = 2D752F7725B62FE700D70E7B;
					};
					2D752F9825B62FEA00D70E7B = {
						CreatedOnToolsVersion = 12.3;
						TestTargetID = 2D752F7725B62FE700D70E7B;
					};
				};
			};
			buildConfigurationList = 2D752F7325B62FE700D70E7B /* Build configuration list for PBXProject "exer" */;
			compatibilityVersion = "Xcode 9.3";
			developmentRegion = en;
			hasScannedForEncodings = 0;
			knownRegions = (
				en,
				Base,
			);
			mainGroup = 2D752F6F25B62FE700D70E7B;
			productRefGroup = 2D752F7925B62FE800D70E7B /* Products */;
			projectDirPath = "";
			projectRoot = "";
			targets = (
				2D752F7725B62FE700D70E7B /* exer */,
				2D752F8D25B62FEA00D70E7B /* exerTests */,
				2D752F9825B62FEA00D70E7B /* exerUITests */,
			);
		};
/* End PBXProject section */

/* Begin PBXResourcesBuildPhase section */
		2D752F7625B62FE700D70E7B /* Resources */ = {
			isa = PBXResourcesBuildPhase;
			buildActionMask = 2147483647;
			files = (
				2D752F8825B62FEA00D70E7B /* LaunchScreen.storyboard in Resources */,
				2D752F8525B62FEA00D70E7B /* Assets.xcassets in Resources */,
				2D752F8325B62FE800D70E7B /* Main.storyboard in Resources */,
			);
			runOnlyForDeploymentPostprocessing = 0;
		};
		2D752F8C25B62FEA00D70E7B /* Resources */ = {
			isa = PBXResourcesBuildPhase;
			buildActionMask = 2147483647;
			files = (
			);
			runOnlyForDeploymentPostprocessing = 0;
		};
		2D752F9725B62FEA00D70E7B /* Resources */ = {
			isa = PBXResourcesBuildPhase;
			buildActionMask = 2147483647;
			files = (
			);
			runOnlyForDeploymentPostprocessing = 0;
		};
/* End PBXResourcesBuildPhase section */

/* Begin PBXSourcesBuildPhase section */
		2D752F7425B62FE700D70E7B /* Sources */ = {
			isa = PBXSourcesBuildPhase;
			buildActionMask = 2147483647;
			files = (
				2D752F8025B62FE800D70E7B /* ViewController.swift in Sources */,
				2D752F7C25B62FE800D70E7B /* AppDelegate.swift in Sources */,
				2D752FAF25B632EC00D70E7B /* diffTableViewCell.swift in Sources */,
				2D752F7E25B62FE800D70E7B /* SceneDelegate.swift in Sources */,
			);
			runOnlyForDeploymentPostprocessing = 0;
		};
		2D752F8A25B62FEA00D70E7B /* Sources */ = {
			isa = PBXSourcesBuildPhase;
			buildActionMask = 2147483647;
			files = (
				2D752F9325B62FEA00D70E7B /* exerTests.swift in Sources */,
			);
			runOnlyForDeploymentPostprocessing = 0;
		};
		2D752F9525B62FEA00D70E7B /* Sources */ = {
			isa = PBXSourcesBuildPhase;
			buildActionMask = 2147483647;
			files = (
				2D752F9E25B62FEA00D70E7B /* exerUITests.swift in Sources */,
			);
			runOnlyForDeploymentPostprocessing = 0;
		};
/* End PBXSourcesBuildPhase section */

/* Begin PBXTargetDependency section */
		2D752F9025B62FEA00D70E7B /* PBXTargetDependency */ = {
			isa = PBXTargetDependency;
			target = 2D752F7725B62FE700D70E7B /* exer */;
			targetProxy = 2D752F8F25B62FEA00D70E7B /* PBXContainerItemProxy */;
		};
		2D752F9B25B62FEA00D70E7B /* PBXTargetDependency */ = {
			isa = PBXTargetDependency;
			target = 2D752F7725B62FE700D70E7B /* exer */;
			targetProxy = 2D752F9A25B62FEA00D70E7B /* PBXContainerItemProxy */;
		};
/* End PBXTargetDependency section */

/* Begin PBXVariantGroup section */
		2D752F8125B62FE800D70E7B /* Main.storyboard */ = {
			isa = PBXVariantGroup;
			children = (
				2D752F8225B62FE800D70E7B /* Base */,
			);
			name = Main.storyboard;
			sourceTree = "<group>";
		};
		2D752F8625B62FEA00D70E7B /* LaunchScreen.storyboard */ = {
			isa = PBXVariantGroup;
			children = (
				2D752F8725B62FEA00D70E7B /* Base */,
			);
			name = LaunchScreen.storyboard;
			sourceTree = "<group>";
		};
/* End PBXVariantGroup section */

/* Begin XCBuildConfiguration section */
		2D752FA025B62FEA00D70E7B /* Debug */ = {
			isa = XCBuildConfiguration;
			buildSettings = {
				ALWAYS_SEARCH_USER_PATHS = NO;
				CLANG_ANALYZER_NONNULL = YES;
				CLANG_ANALYZER_NUMBER_OBJECT_CONVERSION = YES_AGGRESSIVE;
				CLANG_CXX_LANGUAGE_STANDARD = "gnu++14";
				CLANG_CXX_LIBRARY = "libc++";
				CLANG_ENABLE_MODULES = YES;
				CLANG_ENABLE_OBJC_ARC = YES;
				CLANG_ENABLE_OBJC_WEAK = YES;
				CLANG_WARN_BLOCK_CAPTURE_AUTORELEASING = YES;
				CLANG_WARN_BOOL_CONVERSION = YES;
				CLANG_WARN_COMMA = YES;
				CLANG_WARN_CONSTANT_CONVERSION = YES;
				CLANG_WARN_DEPRECATED_OBJC_IMPLEMENTATIONS = YES;
				CLANG_WARN_DIRECT_OBJC_ISA_USAGE = YES_ERROR;
				CLANG_WARN_DOCUMENTATION_COMMENTS = YES;
				CLANG_WARN_EMPTY_BODY = YES;
				CLANG_WARN_ENUM_CONVERSION = YES;
				CLANG_WARN_INFINITE_RECURSION = YES;
				CLANG_WARN_INT_CONVERSION = YES;
				CLANG_WARN_NON_LITERAL_NULL_CONVERSION = YES;
				CLANG_WARN_OBJC_IMPLICIT_RETAIN_SELF = YES;
				CLANG_WARN_OBJC_LITERAL_CONVERSION = YES;
				CLANG_WARN_OBJC_ROOT_CLASS = YES_ERROR;
				CLANG_WARN_QUOTED_INCLUDE_IN_FRAMEWORK_HEADER = YES;
				CLANG_WARN_RANGE_LOOP_ANALYSIS = YES;
				CLANG_WARN_STRICT_PROTOTYPES = YES;
				CLANG_WARN_SUSPICIOUS_MOVE = YES;
				CLANG_WARN_UNGUARDED_AVAILABILITY = YES_AGGRESSIVE;
				CLANG_WARN_UNREACHABLE_CODE = YES;
				CLANG_WARN__DUPLICATE_METHOD_MATCH = YES;
				COPY_PHASE_STRIP = NO;
				DEBUG_INFORMATION_FORMAT = dwarf;
				ENABLE_STRICT_OBJC_MSGSEND = YES;
				ENABLE_TESTABILITY = YES;
				GCC_C_LANGUAGE_STANDARD = gnu11;
				GCC_DYNAMIC_NO_PIC = NO;
				GCC_NO_COMMON_BLOCKS = YES;
				GCC_OPTIMIZATION_LEVEL = 0;
				GCC_PREPROCESSOR_DEFINITIONS = (
					"DEBUG=1",
					"$(inherited)",
				);
				GCC_WARN_64_TO_32_BIT_CONVERSION = YES;
				GCC_WARN_ABOUT_RETURN_TYPE = YES_ERROR;
				GCC_WARN_UNDECLARED_SELECTOR = YES;
				GCC_WARN_UNINITIALIZED_AUTOS = YES_AGGRESSIVE;
				GCC_WARN_UNUSED_FUNCTION = YES;
				GCC_WARN_UNUSED_VARIABLE = YES;
				IPHONEOS_DEPLOYMENT_TARGET = 14.3;
				MTL_ENABLE_DEBUG_INFO = INCLUDE_SOURCE;
				MTL_FAST_MATH = YES;
				ONLY_ACTIVE_ARCH = YES;
				SDKROOT = iphoneos;
				SWIFT_ACTIVE_COMPILATION_CONDITIONS = DEBUG;
				SWIFT_OPTIMIZATION_LEVEL = "-Onone";
			};
			name = Debug;
		};
		2D752FA125B62FEA00D70E7B /* Release */ = {
			isa = XCBuildConfiguration;
			buildSettings = {
				ALWAYS_SEARCH_USER_PATHS = NO;
				CLANG_ANALYZER_NONNULL = YES;
				CLANG_ANALYZER_NUMBER_OBJECT_CONVERSION = YES_AGGRESSIVE;
				CLANG_CXX_LANGUAGE_STANDARD = "gnu++14";
				CLANG_CXX_LIBRARY = "libc++";
				CLANG_ENABLE_MODULES = YES;
				CLANG_ENABLE_OBJC_ARC = YES;
				CLANG_ENABLE_OBJC_WEAK = YES;
				CLANG_WARN_BLOCK_CAPTURE_AUTORELEASING = YES;
				CLANG_WARN_BOOL_CONVERSION = YES;
				CLANG_WARN_COMMA = YES;
				CLANG_WARN_CONSTANT_CONVERSION = YES;
				CLANG_WARN_DEPRECATED_OBJC_IMPLEMENTATIONS = YES;
				CLANG_WARN_DIRECT_OBJC_ISA_USAGE = YES_ERROR;
				CLANG_WARN_DOCUMENTATION_COMMENTS = YES;
				CLANG_WARN_EMPTY_BODY = YES;
				CLANG_WARN_ENUM_CONVERSION = YES;
				CLANG_WARN_INFINITE_RECURSION = YES;
				CLANG_WARN_INT_CONVERSION = YES;
				CLANG_WARN_NON_LITERAL_NULL_CONVERSION = YES;
				CLANG_WARN_OBJC_IMPLICIT_RETAIN_SELF = YES;
				CLANG_WARN_OBJC_LITERAL_CONVERSION = YES;
				CLANG_WARN_OBJC_ROOT_CLASS = YES_ERROR;
				CLANG_WARN_QUOTED_INCLUDE_IN_FRAMEWORK_HEADER = YES;
				CLANG_WARN_RANGE_LOOP_ANALYSIS = YES;
				CLANG_WARN_STRICT_PROTOTYPES = YES;
				CLANG_WARN_SUSPICIOUS_MOVE = YES;
				CLANG_WARN_UNGUARDED_AVAILABILITY = YES_AGGRESSIVE;
				CLANG_WARN_UNREACHABLE_CODE = YES;
				CLANG_WARN__DUPLICATE_METHOD_MATCH = YES;
				COPY_PHASE_STRIP = NO;
				DEBUG_INFORMATION_FORMAT = "dwarf-with-dsym";
				ENABLE_NS_ASSERTIONS = NO;
				ENABLE_STRICT_OBJC_MSGSEND = YES;
				GCC_C_LANGUAGE_STANDARD = gnu11;
				GCC_NO_COMMON_BLOCKS = YES;
				GCC_WARN_64_TO_32_BIT_CONVERSION = YES;
				GCC_WARN_ABOUT_RETURN_TYPE = YES_ERROR;
				GCC_WARN_UNDECLARED_SELECTOR = YES;
				GCC_WARN_UNINITIALIZED_AUTOS = YES_AGGRESSIVE;
				GCC_WARN_UNUSED_FUNCTION = YES;
				GCC_WARN_UNUSED_VARIABLE = YES;
				IPHONEOS_DEPLOYMENT_TARGET = 14.3;
				MTL_ENABLE_DEBUG_INFO = NO;
				MTL_FAST_MATH = YES;
				SDKROOT = iphoneos;
				SWIFT_COMPILATION_MODE = wholemodule;
				SWIFT_OPTIMIZATION_LEVEL = "-O";
				VALIDATE_PRODUCT = YES;
			};
			name = Release;
		};
		2D752FA325B62FEA00D70E7B /* Debug */ = {
			isa = XCBuildConfiguration;
			buildSettings = {
				ASSETCATALOG_COMPILER_APPICON_NAME = AppIcon;
				ASSETCATALOG_COMPILER_GLOBAL_ACCENT_COLOR_NAME = AccentColor;
				CODE_SIGN_STYLE = Automatic;
				INFOPLIST_FILE = exer/Info.plist;
				LD_RUNPATH_SEARCH_PATHS = (
					"$(inherited)",
					"@executable_path/Frameworks",
				);
				PRODUCT_BUNDLE_IDENTIFIER = rsd.exer;
				PRODUCT_NAME = "$(TARGET_NAME)";
				SWIFT_VERSION = 5.0;
				TARGETED_DEVICE_FAMILY = "1,2";
			};
			name = Debug;
		};
		2D752FA425B62FEA00D70E7B /* Release */ = {
			isa = XCBuildConfiguration;
			buildSettings = {
				ASSETCATALOG_COMPILER_APPICON_NAME = AppIcon;
				ASSETCATALOG_COMPILER_GLOBAL_ACCENT_COLOR_NAME = AccentColor;
				CODE_SIGN_STYLE = Automatic;
				INFOPLIST_FILE = exer/Info.plist;
				LD_RUNPATH_SEARCH_PATHS = (
					"$(inherited)",
					"@executable_path/Frameworks",
				);
				PRODUCT_BUNDLE_IDENTIFIER = rsd.exer;
				PRODUCT_NAME = "$(TARGET_NAME)";
				SWIFT_VERSION = 5.0;
				TARGETED_DEVICE_FAMILY = "1,2";
			};
			name = Release;
		};
		2D752FA625B62FEA00D70E7B /* Debug */ = {
			isa = XCBuildConfiguration;
			buildSettings = {
				ALWAYS_EMBED_SWIFT_STANDARD_LIBRARIES = YES;
				BUNDLE_LOADER = "$(TEST_HOST)";
				CODE_SIGN_STYLE = Automatic;
				INFOPLIST_FILE = exerTests/Info.plist;
				IPHONEOS_DEPLOYMENT_TARGET = 14.3;
				LD_RUNPATH_SEARCH_PATHS = (
					"$(inherited)",
					"@executable_path/Frameworks",
					"@loader_path/Frameworks",
				);
				PRODUCT_BUNDLE_IDENTIFIER = rsd.exerTests;
				PRODUCT_NAME = "$(TARGET_NAME)";
				SWIFT_VERSION = 5.0;
				TARGETED_DEVICE_FAMILY = "1,2";
				TEST_HOST = "$(BUILT_PRODUCTS_DIR)/exer.app/exer";
			};
			name = Debug;
		};
		2D752FA725B62FEA00D70E7B /* Release */ = {
			isa = XCBuildConfiguration;
			buildSettings = {
				ALWAYS_EMBED_SWIFT_STANDARD_LIBRARIES = YES;
				BUNDLE_LOADER = "$(TEST_HOST)";
				CODE_SIGN_STYLE = Automatic;
				INFOPLIST_FILE = exerTests/Info.plist;
				IPHONEOS_DEPLOYMENT_TARGET = 14.3;
				LD_RUNPATH_SEARCH_PATHS = (
					"$(inherited)",
					"@executable_path/Frameworks",
					"@loader_path/Frameworks",
				);
				PRODUCT_BUNDLE_IDENTIFIER = rsd.exerTests;
				PRODUCT_NAME = "$(TARGET_NAME)";
				SWIFT_VERSION = 5.0;
				TARGETED_DEVICE_FAMILY = "1,2";
				TEST_HOST = "$(BUILT_PRODUCTS_DIR)/exer.app/exer";
			};
			name = Release;
		};
		2D752FA925B62FEA00D70E7B /* Debug */ = {
			isa = XCBuildConfiguration;
			buildSettings = {
				ALWAYS_EMBED_SWIFT_STANDARD_LIBRARIES = YES;
				CODE_SIGN_STYLE = Automatic;
				INFOPLIST_FILE = exerUITests/Info.plist;
				LD_RUNPATH_SEARCH_PATHS = (
					"$(inherited)",
					"@executable_path/Frameworks",
					"@loader_path/Frameworks",
				);
				PRODUCT_BUNDLE_IDENTIFIER = rsd.exerUITests;
				PRODUCT_NAME = "$(TARGET_NAME)";
				SWIFT_VERSION = 5.0;
				TARGETED_DEVICE_FAMILY = "1,2";
				TEST_TARGET_NAME = exer;
			};
			name = Debug;
		};
		2D752FAA25B62FEA00D70E7B /* Release */ = {
			isa = XCBuildConfiguration;
			buildSettings = {
				ALWAYS_EMBED_SWIFT_STANDARD_LIBRARIES = YES;
				CODE_SIGN_STYLE = Automatic;
				INFOPLIST_FILE = exerUITests/Info.plist;
				LD_RUNPATH_SEARCH_PATHS = (
					"$(inherited)",
					"@executable_path/Frameworks",
					"@loader_path/Frameworks",
				);
				PRODUCT_BUNDLE_IDENTIFIER = rsd.exerUITests;
				PRODUCT_NAME = "$(TARGET_NAME)";
				SWIFT_VERSION = 5.0;
				TARGETED_DEVICE_FAMILY = "1,2";
				TEST_TARGET_NAME = exer;
			};
			name = Release;
		};
/* End XCBuildConfiguration section */

/* Begin XCConfigurationList section */
		2D752F7325B62FE700D70E7B /* Build configuration list for PBXProject "exer" */ = {
			isa = XCConfigurationList;
			buildConfigurations = (
				2D752FA025B62FEA00D70E7B /* Debug */,
				2D752FA125B62FEA00D70E7B /* Release */,
			);
			defaultConfigurationIsVisible = 0;
			defaultConfigurationName = Release;
		};
		2D752FA225B62FEA00D70E7B /* Build configuration list for PBXNativeTarget "exer" */ = {
			isa = XCConfigurationList;
			buildConfigurations = (
				2D752FA325B62FEA00D70E7B /* Debug */,
				2D752FA425B62FEA00D70E7B /* Release */,
			);
			defaultConfigurationIsVisible = 0;
			defaultConfigurationName = Release;
		};
		2D752FA525B62FEA00D70E7B /* Build configuration list for PBXNativeTarget "exerTests" */ = {
			isa = XCConfigurationList;
			buildConfigurations = (
				2D752FA625B62FEA00D70E7B /* Debug */,
				2D752FA725B62FEA00D70E7B /* Release */,
			);
			defaultConfigurationIsVisible = 0;
			defaultConfigurationName = Release;
		};
		2D752FA825B62FEA00D70E7B /* Build configuration list for PBXNativeTarget "exerUITests" */ = {
			isa = XCConfigurationList;
			buildConfigurations = (
				2D752FA925B62FEA00D70E7B /* Debug */,
				2D752FAA25B62FEA00D70E7B /* Release */,
			);
			defaultConfigurationIsVisible = 0;
			defaultConfigurationName = Release;
		};
/* End XCConfigurationList section */
	};
	rootObject = 2D752F7025B62FE700D70E7B /* Project object */;
}
